{
  "originHash" : "78725de602495267df91cafb8ed037ead9a71e9ef451119c8ecc65e7a97c5e8c",
  "pins" : [
    {
      "identity" : "swift-argument-parser",
      "kind" : "remoteSourceControl",
      "location" : "https://github.com/apple/swift-argument-parser.git",
      "state" : {
        "revision" : "0fbc8848e389af3bb55c182bc19ca9d5dc2f255b",
        "version" : "1.4.0"
      }
    },
    {
      "identity" : "swift-transformers-ios15",
      "kind" : "remoteSourceControl",
      "location" : "https://github.com/saamerm/swift-transformers-ios15.git",
      "state" : {
        "revision" : "ae9384d430ec77c4d45d884fd94ba224362554ad",
        "version" : "0.2.1"
      }
    }
  ],
  "version" : 3
}
